# THIS IS AN AUTOGENERATED FILE. DO NOT EDIT THIS FILE DIRECTLY.
# yarn lockfile v1


zrender@^4.3.1:
  version "4.3.1"
  resolved "https://registry.yarnpkg.com/zrender/-/zrender-4.3.1.tgz#baf8aa6dc8187a2f819692d7d5f9bedfa2b90fa3"
  integrity sha512-CeH2TpJeCdG0TAGYoPSAcFX2ogdug1K7LIn9UO/q9HWqQ54gWhrMAlDP9AwWYMUDhrPe4VeazQ4DW3msD96nUQ==
